
Microsoft Visual Studio Solution File, Format Version 12.00
# Visual Studio 15
VisualStudioVersion = 15.0.27130.2026
MinimumVisualStudioVersion = 10.0.40219.1
Project("{FAE04EC0-301F-11D3-BF4B-00C04F79EFBC}") = "Kaleidoscope", "Kaleidoscope\Kaleidoscope.csproj", "{12D3AECB-A255-4250-AA0C-A3F0BCB526DB}"
EndProject
Project("{FAE04EC0-301F-11D3-BF4B-00C04F79EFBC}") = "LocalizatorHelper", "..\LocalizatorHelper\LocalizatorHelper.csproj", "{E9A64BD9-737B-4046-AC54-647EC51A2852}"
EndProject
Project("{FAE04EC0-301F-11D3-BF4B-00C04F79EFBC}") = "RandomFill", "..\LibRandomFill\RandomFill\RandomFill.csproj", "{0374C0C2-B256-421D-B666-68DA41A04871}"
EndProject
Global
	GlobalSection(SolutionConfigurationPlatforms) = preSolution
		Debug|Any CPU = Debug|Any CPU
		Release|Any CPU = Release|Any CPU
	EndGlobalSection
	GlobalSection(ProjectConfigurationPlatforms) = postSolution
		{12D3AECB-A255-4250-AA0C-A3F0BCB526DB}.Debug|Any CPU.ActiveCfg = Debug|Any CPU
		{12D3AECB-A255-4250-AA0C-A3F0BCB526DB}.Debug|Any CPU.Build.0 = Debug|Any CPU
		{12D3AECB-A255-4250-AA0C-A3F0BCB526DB}.Release|Any CPU.ActiveCfg = Release|Any CPU
		{12D3AECB-A255-4250-AA0C-A3F0BCB526DB}.Release|Any CPU.Build.0 = Release|Any CPU
		{E9A64BD9-737B-4046-AC54-647EC51A2852}.Debug|Any CPU.ActiveCfg = Debug|Any CPU
		{E9A64BD9-737B-4046-AC54-647EC51A2852}.Debug|Any CPU.Build.0 = Debug|Any CPU
		{E9A64BD9-737B-4046-AC54-647EC51A2852}.Release|Any CPU.ActiveCfg = Release|Any CPU
		{E9A64BD9-737B-4046-AC54-647EC51A2852}.Release|Any CPU.Build.0 = Release|Any CPU
		{0374C0C2-B256-421D-B666-68DA41A04871}.Debug|Any CPU.ActiveCfg = Debug|Any CPU
		{0374C0C2-B256-421D-B666-68DA41A04871}.Debug|Any CPU.Build.0 = Debug|Any CPU
		{0374C0C2-B256-421D-B666-68DA41A04871}.Release|Any CPU.ActiveCfg = Release|Any CPU
		{0374C0C2-B256-421D-B666-68DA41A04871}.Release|Any CPU.Build.0 = Release|Any CPU
	EndGlobalSection
	GlobalSection(SolutionProperties) = preSolution
		HideSolutionNode = FALSE
	EndGlobalSection
	GlobalSection(ExtensibilityGlobals) = postSolution
		SolutionGuid = {14598D39-7C8D-4310-95AF-063FC037AFA1}
	EndGlobalSection
EndGlobal
